// !$*UTF8*$!
{
	archiveVersion = 1;
	classes = {
	};
	objectVersion = 46;
	objects = {

/* Begin PBXBuildFile section */
		2C69800E1EDF1111006E50FC /* main.m in Sources */ = {isa = PBXBuildFile; fileRef = 2C69800D1EDF1111006E50FC /* main.m */; };
		2C6980111EDF1111006E50FC /* GGBXOAppDelegate.m in Sources */ = {isa = PBXBuildFile; fileRef = 2C6980101EDF1111006E50FC /* GGBXOAppDelegate.m */; };
		2C6980191EDF1111006E50FC /* Assets.xcassets in Resources */ = {isa = PBXBuildFile; fileRef = 2C6980181EDF1111006E50FC /* Assets.xcassets */; };
		2C69801C1EDF1111006E50FC /* LaunchScreen.storyboard in Resources */ = {isa = PBXBuildFile; fileRef = 2C69801A1EDF1111006E50FC /* LaunchScreen.storyboard */; };
		2C6980271EDF1112006E50FC /* GGBXOTests.m in Sources */ = {isa = PBXBuildFile; fileRef = 2C6980261EDF1112006E50FC /* GGBXOTests.m */; };
		2C6980321EDF1112006E50FC /* GGBXOUITests.m in Sources */ = {isa = PBXBuildFile; fileRef = 2C6980311EDF1112006E50FC /* GGBXOUITests.m */; };
		2C6980411EDF1173006E50FC /* GGBXOStoryboard.storyboard in Resources */ = {isa = PBXBuildFile; fileRef = 2C6980401EDF1173006E50FC /* GGBXOStoryboard.storyboard */; };
		2C69804A1EE00247006E50FC /* GGBXOGameVC.m in Sources */ = {isa = PBXBuildFile; fileRef = 2C6980491EE00247006E50FC /* GGBXOGameVC.m */; };
		2C6980501EE002E3006E50FC /* XO.png in Resources */ = {isa = PBXBuildFile; fileRef = 2C69804D1EE002E3006E50FC /* XO.png */; };
		2C6980511EE002E3006E50FC /* XOO.png in Resources */ = {isa = PBXBuildFile; fileRef = 2C69804E1EE002E3006E50FC /* XOO.png */; };
		2C6980521EE002E3006E50FC /* XOX.png in Resources */ = {isa = PBXBuildFile; fileRef = 2C69804F1EE002E3006E50FC /* XOX.png */; };
		2C6980551EE00392006E50FC /* GGBXOMenuVC.m in Sources */ = {isa = PBXBuildFile; fileRef = 2C6980541EE00392006E50FC /* GGBXOMenuVC.m */; };
/* End PBXBuildFile section */

/* Begin PBXContainerItemProxy section */
		2C6980231EDF1112006E50FC /* PBXContainerItemProxy */ = {
			isa = PBXContainerItemProxy;
			containerPortal = 2C6980011EDF1111006E50FC /* Project object */;
			proxyType = 1;
			remoteGlobalIDString = 2C6980081EDF1111006E50FC;
			remoteInfo = GGBXO;
		};
		2C69802E1EDF1112006E50FC /* PBXContainerItemProxy */ = {
			isa = PBXContainerItemProxy;
			containerPortal = 2C6980011EDF1111006E50FC /* Project object */;
			proxyType = 1;
			remoteGlobalIDString = 2C6980081EDF1111006E50FC;
			remoteInfo = GGBXO;
		};
/* End PBXContainerItemProxy section */

/* Begin PBXFileReference section */
		2C6980091EDF1111006E50FC /* GGBXO.app */ = {isa = PBXFileReference; explicitFileType = wrapper.application; includeInIndex = 0; path = GGBXO.app; sourceTree = BUILT_PRODUCTS_DIR; };
		2C69800D1EDF1111006E50FC /* main.m */ = {isa = PBXFileReference; lastKnownFileType = sourcecode.c.objc; path = main.m; sourceTree = "<group>"; };
		2C69800F1EDF1111006E50FC /* GGBXOAppDelegate.h */ = {isa = PBXFileReference; lastKnownFileType = sourcecode.c.h; path = GGBXOAppDelegate.h; sourceTree = "<group>"; };
		2C6980101EDF1111006E50FC /* GGBXOAppDelegate.m */ = {isa = PBXFileReference; lastKnownFileType = sourcecode.c.objc; path = GGBXOAppDelegate.m; sourceTree = "<group>"; };
		2C6980181EDF1111006E50FC /* Assets.xcassets */ = {isa = PBXFileReference; lastKnownFileType = folder.assetcatalog; path = Assets.xcassets; sourceTree = "<group>"; };
		2C69801B1EDF1111006E50FC /* Base */ = {isa = PBXFileReference; lastKnownFileType = file.storyboard; name = Base; path = Base.lproj/LaunchScreen.storyboard; sourceTree = "<group>"; };
		2C69801D1EDF1111006E50FC /* Info.plist */ = {isa = PBXFileReference; lastKnownFileType = text.plist.xml; path = Info.plist; sourceTree = "<group>"; };
		2C6980221EDF1112006E50FC /* GGBXOTests.xctest */ = {isa = PBXFileReference; explicitFileType = wrapper.cfbundle; includeInIndex = 0; path = GGBXOTests.xctest; sourceTree = BUILT_PRODUCTS_DIR; };
		2C6980261EDF1112006E50FC /* GGBXOTests.m */ = {isa = PBXFileReference; lastKnownFileType = sourcecode.c.objc; path = GGBXOTests.m; sourceTree = "<group>"; };
		2C6980281EDF1112006E50FC /* Info.plist */ = {isa = PBXFileReference; lastKnownFileType = text.plist.xml; path = Info.plist; sourceTree = "<group>"; };
		2C69802D1EDF1112006E50FC /* GGBXOUITests.xctest */ = {isa = PBXFileReference; explicitFileType = wrapper.cfbundle; includeInIndex = 0; path = GGBXOUITests.xctest; sourceTree = BUILT_PRODUCTS_DIR; };
		2C6980311EDF1112006E50FC /* GGBXOUITests.m */ = {isa = PBXFileReference; lastKnownFileType = sourcecode.c.objc; path = GGBXOUITests.m; sourceTree = "<group>"; };
		2C6980331EDF1112006E50FC /* Info.plist */ = {isa = PBXFileReference; lastKnownFileType = text.plist.xml; path = Info.plist; sourceTree = "<group>"; };
		2C6980401EDF1173006E50FC /* GGBXOStoryboard.storyboard */ = {isa = PBXFileReference; fileEncoding = 4; lastKnownFileType = file.storyboard; path = GGBXOStoryboard.storyboard; sourceTree = "<group>"; };
		2C6980431EDF1196006E50FC /* GGBGame.h */ = {isa = PBXFileReference; lastKnownFileType = sourcecode.c.h; path = GGBGame.h; sourceTree = "<group>"; };
		2C6980441EDF1196006E50FC /* GGBMove.h */ = {isa = PBXFileReference; lastKnownFileType = sourcecode.c.h; path = GGBMove.h; sourceTree = "<group>"; };
		2C6980451EDF1196006E50FC /* GGBPlayer.h */ = {isa = PBXFileReference; lastKnownFileType = sourcecode.c.h; path = GGBPlayer.h; sourceTree = "<group>"; };
		2C6980481EE00247006E50FC /* GGBXOGameVC.h */ = {isa = PBXFileReference; fileEncoding = 4; lastKnownFileType = sourcecode.c.h; path = GGBXOGameVC.h; sourceTree = "<group>"; };
		2C6980491EE00247006E50FC /* GGBXOGameVC.m */ = {isa = PBXFileReference; fileEncoding = 4; lastKnownFileType = sourcecode.c.objc; path = GGBXOGameVC.m; sourceTree = "<group>"; };
		2C69804D1EE002E3006E50FC /* XO.png */ = {isa = PBXFileReference; lastKnownFileType = image.png; path = XO.png; sourceTree = "<group>"; };
		2C69804E1EE002E3006E50FC /* XOO.png */ = {isa = PBXFileReference; lastKnownFileType = image.png; path = XOO.png; sourceTree = "<group>"; };
		2C69804F1EE002E3006E50FC /* XOX.png */ = {isa = PBXFileReference; lastKnownFileType = image.png; path = XOX.png; sourceTree = "<group>"; };
		2C6980531EE00392006E50FC /* GGBXOMenuVC.h */ = {isa = PBXFileReference; fileEncoding = 4; lastKnownFileType = sourcecode.c.h; path = GGBXOMenuVC.h; sourceTree = "<group>"; };
		2C6980541EE00392006E50FC /* GGBXOMenuVC.m */ = {isa = PBXFileReference; fileEncoding = 4; lastKnownFileType = sourcecode.c.objc; path = GGBXOMenuVC.m; sourceTree = "<group>"; };
/* End PBXFileReference section */

/* Begin PBXFrameworksBuildPhase section */
		2C6980061EDF1111006E50FC /* Frameworks */ = {
			isa = PBXFrameworksBuildPhase;
			buildActionMask = 2147483647;
			files = (
			);
			runOnlyForDeploymentPostprocessing = 0;
		};
		2C69801F1EDF1112006E50FC /* Frameworks */ = {
			isa = PBXFrameworksBuildPhase;
			buildActionMask = 2147483647;
			files = (
			);
			runOnlyForDeploymentPostprocessing = 0;
		};
		2C69802A1EDF1112006E50FC /* Frameworks */ = {
			isa = PBXFrameworksBuildPhase;
			buildActionMask = 2147483647;
			files = (
			);
			runOnlyForDeploymentPostprocessing = 0;
		};
/* End PBXFrameworksBuildPhase section */

/* Begin PBXGroup section */
		2C6980001EDF1111006E50FC = {
			isa = PBXGroup;
			children = (
				2C69800B1EDF1111006E50FC /* GGBXO */,
				2C6980251EDF1112006E50FC /* GGBXOTests */,
				2C6980301EDF1112006E50FC /* GGBXOUITests */,
				2C69800A1EDF1111006E50FC /* Products */,
			);
			sourceTree = "<group>";
		};
		2C69800A1EDF1111006E50FC /* Products */ = {
			isa = PBXGroup;
			children = (
				2C6980091EDF1111006E50FC /* GGBXO.app */,
				2C6980221EDF1112006E50FC /* GGBXOTests.xctest */,
				2C69802D1EDF1112006E50FC /* GGBXOUITests.xctest */,
			);
			name = Products;
			sourceTree = "<group>";
		};
		2C69800B1EDF1111006E50FC /* GGBXO */ = {
			isa = PBXGroup;
			children = (
				2C69804B1EE0025F006E50FC /* Resources */,
				2C6980461EE00179006E50FC /* Classes */,
				2C6980421EDF117C006E50FC /* Protocols */,
				2C69803F1EDF1155006E50FC /* Storyboards */,
				2C69800F1EDF1111006E50FC /* GGBXOAppDelegate.h */,
				2C6980101EDF1111006E50FC /* GGBXOAppDelegate.m */,
				2C6980181EDF1111006E50FC /* Assets.xcassets */,
				2C69801D1EDF1111006E50FC /* Info.plist */,
				2C69800C1EDF1111006E50FC /* Supporting Files */,
			);
			path = GGBXO;
			sourceTree = "<group>";
		};
		2C69800C1EDF1111006E50FC /* Supporting Files */ = {
			isa = PBXGroup;
			children = (
				2C69800D1EDF1111006E50FC /* main.m */,
			);
			name = "Supporting Files";
			sourceTree = "<group>";
		};
		2C6980251EDF1112006E50FC /* GGBXOTests */ = {
			isa = PBXGroup;
			children = (
				2C6980261EDF1112006E50FC /* GGBXOTests.m */,
				2C6980281EDF1112006E50FC /* Info.plist */,
			);
			path = GGBXOTests;
			sourceTree = "<group>";
		};
		2C6980301EDF1112006E50FC /* GGBXOUITests */ = {
			isa = PBXGroup;
			children = (
				2C6980311EDF1112006E50FC /* GGBXOUITests.m */,
				2C6980331EDF1112006E50FC /* Info.plist */,
			);
			path = GGBXOUITests;
			sourceTree = "<group>";
		};
		2C69803F1EDF1155006E50FC /* Storyboards */ = {
			isa = PBXGroup;
			children = (
				2C6980401EDF1173006E50FC /* GGBXOStoryboard.storyboard */,
				2C69801A1EDF1111006E50FC /* LaunchScreen.storyboard */,
			);
			path = Storyboards;
			sourceTree = "<group>";
		};
		2C6980421EDF117C006E50FC /* Protocols */ = {
			isa = PBXGroup;
			children = (
				2C6980431EDF1196006E50FC /* GGBGame.h */,
				2C6980441EDF1196006E50FC /* GGBMove.h */,
				2C6980451EDF1196006E50FC /* GGBPlayer.h */,
			);
			path = Protocols;
			sourceTree = "<group>";
		};
		2C6980461EE00179006E50FC /* Classes */ = {
			isa = PBXGroup;
			children = (
				2C6980471EE00192006E50FC /* Views */,
			);
			path = Classes;
			sourceTree = "<group>";
		};
		2C6980471EE00192006E50FC /* Views */ = {
			isa = PBXGroup;
			children = (
				2C6980481EE00247006E50FC /* GGBXOGameVC.h */,
				2C6980491EE00247006E50FC /* GGBXOGameVC.m */,
				2C6980531EE00392006E50FC /* GGBXOMenuVC.h */,
				2C6980541EE00392006E50FC /* GGBXOMenuVC.m */,
			);
			path = Views;
			sourceTree = "<group>";
		};
		2C69804B1EE0025F006E50FC /* Resources */ = {
			isa = PBXGroup;
			children = (
				2C69804C1EE00272006E50FC /* Images */,
			);
			path = Resources;
			sourceTree = "<group>";
		};
		2C69804C1EE00272006E50FC /* Images */ = {
			isa = PBXGroup;
			children = (
				2C69804D1EE002E3006E50FC /* XO.png */,
				2C69804E1EE002E3006E50FC /* XOO.png */,
				2C69804F1EE002E3006E50FC /* XOX.png */,
			);
			path = Images;
			sourceTree = "<group>";
		};
/* End PBXGroup section */

/* Begin PBXNativeTarget section */
		2C6980081EDF1111006E50FC /* GGBXO */ = {
			isa = PBXNativeTarget;
			buildConfigurationList = 2C6980361EDF1112006E50FC /* Build configuration list for PBXNativeTarget "GGBXO" */;
			buildPhases = (
				2C6980051EDF1111006E50FC /* Sources */,
				2C6980061EDF1111006E50FC /* Frameworks */,
				2C6980071EDF1111006E50FC /* Resources */,
			);
			buildRules = (
			);
			dependencies = (
			);
			name = GGBXO;
			productName = GGBXO;
			productReference = 2C6980091EDF1111006E50FC /* GGBXO.app */;
			productType = "com.apple.product-type.application";
		};
		2C6980211EDF1112006E50FC /* GGBXOTests */ = {
			isa = PBXNativeTarget;
			buildConfigurationList = 2C6980391EDF1112006E50FC /* Build configuration list for PBXNativeTarget "GGBXOTests" */;
			buildPhases = (
				2C69801E1EDF1112006E50FC /* Sources */,
				2C69801F1EDF1112006E50FC /* Frameworks */,
				2C6980201EDF1112006E50FC /* Resources */,
			);
			buildRules = (
			);
			dependencies = (
				2C6980241EDF1112006E50FC /* PBXTargetDependency */,
			);
			name = GGBXOTests;
			productName = GGBXOTests;
			productReference = 2C6980221EDF1112006E50FC /* GGBXOTests.xctest */;
			productType = "com.apple.product-type.bundle.unit-test";
		};
		2C69802C1EDF1112006E50FC /* GGBXOUITests */ = {
			isa = PBXNativeTarget;
			buildConfigurationList = 2C69803C1EDF1112006E50FC /* Build configuration list for PBXNativeTarget "GGBXOUITests" */;
			buildPhases = (
				2C6980291EDF1112006E50FC /* Sources */,
				2C69802A1EDF1112006E50FC /* Frameworks */,
				2C69802B1EDF1112006E50FC /* Resources */,
			);
			buildRules = (
			);
			dependencies = (
				2C69802F1EDF1112006E50FC /* PBXTargetDependency */,
			);
			name = GGBXOUITests;
			productName = GGBXOUITests;
			productReference = 2C69802D1EDF1112006E50FC /* GGBXOUITests.xctest */;
			productType = "com.apple.product-type.bundle.ui-testing";
		};
/* End PBXNativeTarget section */

/* Begin PBXProject section */
		2C6980011EDF1111006E50FC /* Project object */ = {
			isa = PBXProject;
			attributes = {
				CLASSPREFIX = GGBXO;
				LastUpgradeCheck = 0830;
				ORGANIZATIONNAME = "Maxim Grigoriev";
				TargetAttributes = {
					2C6980081EDF1111006E50FC = {
						CreatedOnToolsVersion = 8.3.2;
						DevelopmentTeam = HXTB3SFBU4;
						ProvisioningStyle = Automatic;
					};
					2C6980211EDF1112006E50FC = {
						CreatedOnToolsVersion = 8.3.2;
						DevelopmentTeam = HXTB3SFBU4;
						ProvisioningStyle = Automatic;
						TestTargetID = 2C6980081EDF1111006E50FC;
					};
					2C69802C1EDF1112006E50FC = {
						CreatedOnToolsVersion = 8.3.2;
						DevelopmentTeam = HXTB3SFBU4;
						ProvisioningStyle = Automatic;
						TestTargetID = 2C6980081EDF1111006E50FC;
					};
				};
			};
			buildConfigurationList = 2C6980041EDF1111006E50FC /* Build configuration list for PBXProject "GGBXO" */;
			compatibilityVersion = "Xcode 3.2";
			developmentRegion = English;
			hasScannedForEncodings = 0;
			knownRegions = (
				en,
				Base,
			);
			mainGroup = 2C6980001EDF1111006E50FC;
			productRefGroup = 2C69800A1EDF1111006E50FC /* Products */;
			projectDirPath = "";
			projectRoot = "";
			targets = (
				2C6980081EDF1111006E50FC /* GGBXO */,
				2C6980211EDF1112006E50FC /* GGBXOTests */,
				2C69802C1EDF1112006E50FC /* GGBXOUITests */,
			);
		};
/* End PBXProject section */

/* Begin PBXResourcesBuildPhase section */
		2C6980071EDF1111006E50FC /* Resources */ = {
			isa = PBXResourcesBuildPhase;
			buildActionMask = 2147483647;
			files = (
				2C6980501EE002E3006E50FC /* XO.png in Resources */,
				2C69801C1EDF1111006E50FC /* LaunchScreen.storyboard in Resources */,
				2C6980511EE002E3006E50FC /* XOO.png in Resources */,
				2C6980521EE002E3006E50FC /* XOX.png in Resources */,
				2C6980411EDF1173006E50FC /* GGBXOStoryboard.storyboard in Resources */,
				2C6980191EDF1111006E50FC /* Assets.xcassets in Resources */,
			);
			runOnlyForDeploymentPostprocessing = 0;
		};
		2C6980201EDF1112006E50FC /* Resources */ = {
			isa = PBXResourcesBuildPhase;
			buildActionMask = 2147483647;
			files = (
			);
			runOnlyForDeploymentPostprocessing = 0;
		};
		2C69802B1EDF1112006E50FC /* Resources */ = {
			isa = PBXResourcesBuildPhase;
			buildActionMask = 2147483647;
			files = (
			);
			runOnlyForDeploymentPostprocessing = 0;
		};
/* End PBXResourcesBuildPhase section */

/* Begin PBXSourcesBuildPhase section */
		2C6980051EDF1111006E50FC /* Sources */ = {
			isa = PBXSourcesBuildPhase;
			buildActionMask = 2147483647;
			files = (
				2C6980111EDF1111006E50FC /* GGBXOAppDelegate.m in Sources */,
				2C6980551EE00392006E50FC /* GGBXOMenuVC.m in Sources */,
				2C69800E1EDF1111006E50FC /* main.m in Sources */,
				2C69804A1EE00247006E50FC /* GGBXOGameVC.m in Sources */,
			);
			runOnlyForDeploymentPostprocessing = 0;
		};
		2C69801E1EDF1112006E50FC /* Sources */ = {
			isa = PBXSourcesBuildPhase;
			buildActionMask = 2147483647;
			files = (
				2C6980271EDF1112006E50FC /* GGBXOTests.m in Sources */,
			);
			runOnlyForDeploymentPostprocessing = 0;
		};
		2C6980291EDF1112006E50FC /* Sources */ = {
			isa = PBXSourcesBuildPhase;
			buildActionMask = 2147483647;
			files = (
				2C6980321EDF1112006E50FC /* GGBXOUITests.m in Sources */,
			);
			runOnlyForDeploymentPostprocessing = 0;
		};
/* End PBXSourcesBuildPhase section */

/* Begin PBXTargetDependency section */
		2C6980241EDF1112006E50FC /* PBXTargetDependency */ = {
			isa = PBXTargetDependency;
			target = 2C6980081EDF1111006E50FC /* GGBXO */;
			targetProxy = 2C6980231EDF1112006E50FC /* PBXContainerItemProxy */;
		};
		2C69802F1EDF1112006E50FC /* PBXTargetDependency */ = {
			isa = PBXTargetDependency;
			target = 2C6980081EDF1111006E50FC /* GGBXO */;
			targetProxy = 2C69802E1EDF1112006E50FC /* PBXContainerItemProxy */;
		};
/* End PBXTargetDependency section */

/* Begin PBXVariantGroup section */
		2C69801A1EDF1111006E50FC /* LaunchScreen.storyboard */ = {
			isa = PBXVariantGroup;
			children = (
				2C69801B1EDF1111006E50FC /* Base */,
			);
			name = LaunchScreen.storyboard;
			path = ..;
			sourceTree = "<group>";
		};
/* End PBXVariantGroup section */

/* Begin XCBuildConfiguration section */
		2C6980341EDF1112006E50FC /* Debug */ = {
			isa = XCBuildConfiguration;
			buildSettings = {
				ALWAYS_SEARCH_USER_PATHS = NO;
				CLANG_ANALYZER_NONNULL = YES;
				CLANG_ANALYZER_NUMBER_OBJECT_CONVERSION = YES_AGGRESSIVE;
				CLANG_CXX_LANGUAGE_STANDARD = "gnu++0x";
				CLANG_CXX_LIBRARY = "libc++";
				CLANG_ENABLE_MODULES = YES;
				CLANG_ENABLE_OBJC_ARC = YES;
				CLANG_WARN_BOOL_CONVERSION = YES;
				CLANG_WARN_CONSTANT_CONVERSION = YES;
				CLANG_WARN_DIRECT_OBJC_ISA_USAGE = YES_ERROR;
				CLANG_WARN_DOCUMENTATION_COMMENTS = YES;
				CLANG_WARN_EMPTY_BODY = YES;
				CLANG_WARN_ENUM_CONVERSION = YES;
				CLANG_WARN_INFINITE_RECURSION = YES;
				CLANG_WARN_INT_CONVERSION = YES;
				CLANG_WARN_OBJC_ROOT_CLASS = YES_ERROR;
				CLANG_WARN_SUSPICIOUS_MOVE = YES;
				CLANG_WARN_UNREACHABLE_CODE = YES;
				CLANG_WARN__DUPLICATE_METHOD_MATCH = YES;
				"CODE_SIGN_IDENTITY[sdk=iphoneos*]" = "iPhone Developer";
				COPY_PHASE_STRIP = NO;
				DEBUG_INFORMATION_FORMAT = dwarf;
				ENABLE_STRICT_OBJC_MSGSEND = YES;
				ENABLE_TESTABILITY = YES;
				GCC_C_LANGUAGE_STANDARD = gnu99;
				GCC_DYNAMIC_NO_PIC = NO;
				GCC_NO_COMMON_BLOCKS = YES;
				GCC_OPTIMIZATION_LEVEL = 0;
				GCC_PREPROCESSOR_DEFINITIONS = (
					"DEBUG=1",
					"$(inherited)",
				);
				GCC_WARN_64_TO_32_BIT_CONVERSION = YES;
				GCC_WARN_ABOUT_RETURN_TYPE = YES_ERROR;
				GCC_WARN_UNDECLARED_SELECTOR = YES;
				GCC_WARN_UNINITIALIZED_AUTOS = YES_AGGRESSIVE;
				GCC_WARN_UNUSED_FUNCTION = YES;
				GCC_WARN_UNUSED_VARIABLE = YES;
				IPHONEOS_DEPLOYMENT_TARGET = 8.0;
				MTL_ENABLE_DEBUG_INFO = YES;
				ONLY_ACTIVE_ARCH = YES;
				SDKROOT = iphoneos;
				TARGETED_DEVICE_FAMILY = "1,2";
			};
			name = Debug;
		};
		2C6980351EDF1112006E50FC /* Release */ = {
			isa = XCBuildConfiguration;
			buildSettings = {
				ALWAYS_SEARCH_USER_PATHS = NO;
				CLANG_ANALYZER_NONNULL = YES;
				CLANG_ANALYZER_NUMBER_OBJECT_CONVERSION = YES_AGGRESSIVE;
				CLANG_CXX_LANGUAGE_STANDARD = "gnu++0x";
				CLANG_CXX_LIBRARY = "libc++";
				CLANG_ENABLE_MODULES = YES;
				CLANG_ENABLE_OBJC_ARC = YES;
				CLANG_WARN_BOOL_CONVERSION = YES;
				CLANG_WARN_CONSTANT_CONVERSION = YES;
				CLANG_WARN_DIRECT_OBJC_ISA_USAGE = YES_ERROR;
				CLANG_WARN_DOCUMENTATION_COMMENTS = YES;
				CLANG_WARN_EMPTY_BODY = YES;
				CLANG_WARN_ENUM_CONVERSION = YES;
				CLANG_WARN_INFINITE_RECURSION = YES;
				CLANG_WARN_INT_CONVERSION = YES;
				CLANG_WARN_OBJC_ROOT_CLASS = YES_ERROR;
				CLANG_WARN_SUSPICIOUS_MOVE = YES;
				CLANG_WARN_UNREACHABLE_CODE = YES;
				CLANG_WARN__DUPLICATE_METHOD_MATCH = YES;
				"CODE_SIGN_IDENTITY[sdk=iphoneos*]" = "iPhone Developer";
				COPY_PHASE_STRIP = NO;
				DEBUG_INFORMATION_FORMAT = "dwarf-with-dsym";
				ENABLE_NS_ASSERTIONS = NO;
				ENABLE_STRICT_OBJC_MSGSEND = YES;
				GCC_C_LANGUAGE_STANDARD = gnu99;
				GCC_NO_COMMON_BLOCKS = YES;
				GCC_WARN_64_TO_32_BIT_CONVERSION = YES;
				GCC_WARN_ABOUT_RETURN_TYPE = YES_ERROR;
				GCC_WARN_UNDECLARED_SELECTOR = YES;
				GCC_WARN_UNINITIALIZED_AUTOS = YES_AGGRESSIVE;
				GCC_WARN_UNUSED_FUNCTION = YES;
				GCC_WARN_UNUSED_VARIABLE = YES;
				IPHONEOS_DEPLOYMENT_TARGET = 8.0;
				MTL_ENABLE_DEBUG_INFO = NO;
				SDKROOT = iphoneos;
				TARGETED_DEVICE_FAMILY = "1,2";
				VALIDATE_PRODUCT = YES;
			};
			name = Release;
		};
		2C6980371EDF1112006E50FC /* Debug */ = {
			isa = XCBuildConfiguration;
			buildSettings = {
				ASSETCATALOG_COMPILER_APPICON_NAME = AppIcon;
				DEVELOPMENT_TEAM = HXTB3SFBU4;
				INFOPLIST_FILE = GGBXO/Info.plist;
				IPHONEOS_DEPLOYMENT_TARGET = 8.0;
				LD_RUNPATH_SEARCH_PATHS = "$(inherited) @executable_path/Frameworks";
				PRODUCT_BUNDLE_IDENTIFIER = com.maximgrigoriev.GGBXO;
				PRODUCT_NAME = "$(TARGET_NAME)";
			};
			name = Debug;
		};
		2C6980381EDF1112006E50FC /* Release */ = {
			isa = XCBuildConfiguration;
			buildSettings = {
				ASSETCATALOG_COMPILER_APPICON_NAME = AppIcon;
				DEVELOPMENT_TEAM = HXTB3SFBU4;
				INFOPLIST_FILE = GGBXO/Info.plist;
				IPHONEOS_DEPLOYMENT_TARGET = 8.0;
				LD_RUNPATH_SEARCH_PATHS = "$(inherited) @executable_path/Frameworks";
				PRODUCT_BUNDLE_IDENTIFIER = com.maximgrigoriev.GGBXO;
				PRODUCT_NAME = "$(TARGET_NAME)";
			};
			name = Release;
		};
		2C69803A1EDF1112006E50FC /* Debug */ = {
			isa = XCBuildConfiguration;
			buildSettings = {
				BUNDLE_LOADER = "$(TEST_HOST)";
				DEVELOPMENT_TEAM = HXTB3SFBU4;
				INFOPLIST_FILE = GGBXOTests/Info.plist;
				LD_RUNPATH_SEARCH_PATHS = "$(inherited) @executable_path/Frameworks @loader_path/Frameworks";
				PRODUCT_BUNDLE_IDENTIFIER = com.maximgrigoriev.GGBXOTests;
				PRODUCT_NAME = "$(TARGET_NAME)";
				TEST_HOST = "$(BUILT_PRODUCTS_DIR)/GGBXO.app/GGBXO";
			};
			name = Debug;
		};
		2C69803B1EDF1112006E50FC /* Release */ = {
			isa = XCBuildConfiguration;
			buildSettings = {
				BUNDLE_LOADER = "$(TEST_HOST)";
				DEVELOPMENT_TEAM = HXTB3SFBU4;
				INFOPLIST_FILE = GGBXOTests/Info.plist;
				LD_RUNPATH_SEARCH_PATHS = "$(inherited) @executable_path/Frameworks @loader_path/Frameworks";
				PRODUCT_BUNDLE_IDENTIFIER = com.maximgrigoriev.GGBXOTests;
				PRODUCT_NAME = "$(TARGET_NAME)";
				TEST_HOST = "$(BUILT_PRODUCTS_DIR)/GGBXO.app/GGBXO";
			};
			name = Release;
		};
		2C69803D1EDF1112006E50FC /* Debug */ = {
			isa = XCBuildConfiguration;
			buildSettings = {
				DEVELOPMENT_TEAM = HXTB3SFBU4;
				INFOPLIST_FILE = GGBXOUITests/Info.plist;
				LD_RUNPATH_SEARCH_PATHS = "$(inherited) @executable_path/Frameworks @loader_path/Frameworks";
				PRODUCT_BUNDLE_IDENTIFIER = com.maximgrigoriev.GGBXOUITests;
				PRODUCT_NAME = "$(TARGET_NAME)";
				TEST_TARGET_NAME = GGBXO;
			};
			name = Debug;
		};
		2C69803E1EDF1112006E50FC /* Release */ = {
			isa = XCBuildConfiguration;
			buildSettings = {
				DEVELOPMENT_TEAM = HXTB3SFBU4;
				INFOPLIST_FILE = GGBXOUITests/Info.plist;
				LD_RUNPATH_SEARCH_PATHS = "$(inherited) @executable_path/Frameworks @loader_path/Frameworks";
				PRODUCT_BUNDLE_IDENTIFIER = com.maximgrigoriev.GGBXOUITests;
				PRODUCT_NAME = "$(TARGET_NAME)";
				TEST_TARGET_NAME = GGBXO;
			};
			name = Release;
		};
/* End XCBuildConfiguration section */

/* Begin XCConfigurationList section */
		2C6980041EDF1111006E50FC /* Build configuration list for PBXProject "GGBXO" */ = {
			isa = XCConfigurationList;
			buildConfigurations = (
				2C6980341EDF1112006E50FC /* Debug */,
				2C6980351EDF1112006E50FC /* Release */,
			);
			defaultConfigurationIsVisible = 0;
			defaultConfigurationName = Release;
		};
		2C6980361EDF1112006E50FC /* Build configuration list for PBXNativeTarget "GGBXO" */ = {
			isa = XCConfigurationList;
			buildConfigurations = (
				2C6980371EDF1112006E50FC /* Debug */,
				2C6980381EDF1112006E50FC /* Release */,
			);
			defaultConfigurationIsVisible = 0;
		};
		2C6980391EDF1112006E50FC /* Build configuration list for PBXNativeTarget "GGBXOTests" */ = {
			isa = XCConfigurationList;
			buildConfigurations = (
				2C69803A1EDF1112006E50FC /* Debug */,
				2C69803B1EDF1112006E50FC /* Release */,
			);
			defaultConfigurationIsVisible = 0;
		};
		2C69803C1EDF1112006E50FC /* Build configuration list for PBXNativeTarget "GGBXOUITests" */ = {
			isa = XCConfigurationList;
			buildConfigurations = (
				2C69803D1EDF1112006E50FC /* Debug */,
				2C69803E1EDF1112006E50FC /* Release */,
			);
			defaultConfigurationIsVisible = 0;
		};
/* End XCConfigurationList section */
	};
	rootObject = 2C6980011EDF1111006E50FC /* Project object */;
}
